// !$*UTF8*$!
{
	archiveVersion = 1;
	classes = {
	};
	objectVersion = 46;
	objects = {

/* Begin PBXBuildFile section */
		E2F1B64B1C898B1A00264815 /* AppDelegate.swift in Sources */ = {isa = PBXBuildFile; fileRef = E2F1B64A1C898B1A00264815 /* AppDelegate.swift */; };
		E2F1B64D1C898B1A00264815 /* ViewController.swift in Sources */ = {isa = PBXBuildFile; fileRef = E2F1B64C1C898B1A00264815 /* ViewController.swift */; };
		E2F1B6501C898B1A00264815 /* Main.storyboard in Resources */ = {isa = PBXBuildFile; fileRef = E2F1B64E1C898B1A00264815 /* Main.storyboard */; };
		E2F1B6521C898B1A00264815 /* Assets.xcassets in Resources */ = {isa = PBXBuildFile; fileRef = E2F1B6511C898B1A00264815 /* Assets.xcassets */; };
		E2F1B6551C898B1A00264815 /* LaunchScreen.storyboard in Resources */ = {isa = PBXBuildFile; fileRef = E2F1B6531C898B1A00264815 /* LaunchScreen.storyboard */; };
/* End PBXBuildFile section */

/* Begin PBXFileReference section */
		E2F1B6471C898B1A00264815 /* TicTacToeDemo.app */ = {isa = PBXFileReference; explicitFileType = wrapper.application; includeInIndex = 0; path = TicTacToeDemo.app; sourceTree = BUILT_PRODUCTS_DIR; };
		E2F1B64A1C898B1A00264815 /* AppDelegate.swift */ = {isa = PBXFileReference; lastKnownFileType = sourcecode.swift; path = AppDelegate.swift; sourceTree = "<group>"; };
		E2F1B64C1C898B1A00264815 /* ViewController.swift */ = {isa = PBXFileReference; lastKnownFileType = sourcecode.swift; path = ViewController.swift; sourceTree = "<group>"; };
		E2F1B64F1C898B1A00264815 /* Base */ = {isa = PBXFileReference; lastKnownFileType = file.storyboard; name = Base; path = Base.lproj/Main.storyboard; sourceTree = "<group>"; };
		E2F1B6511C898B1A00264815 /* Assets.xcassets */ = {isa = PBXFileReference; lastKnownFileType = folder.assetcatalog; path = Assets.xcassets; sourceTree = "<group>"; };
		E2F1B6541C898B1A00264815 /* Base */ = {isa = PBXFileReference; lastKnownFileType = file.storyboard; name = Base; path = Base.lproj/LaunchScreen.storyboard; sourceTree = "<group>"; };
		E2F1B6561C898B1A00264815 /* Info.plist */ = {isa = PBXFileReference; lastKnownFileType = text.plist.xml; path = Info.plist; sourceTree = "<group>"; };
/* End PBXFileReference section */

/* Begin PBXFrameworksBuildPhase section */
		E2F1B6441C898B1A00264815 /* Frameworks */ = {
			isa = PBXFrameworksBuildPhase;
			buildActionMask = 2147483647;
			files = (
			);
			runOnlyForDeploymentPostprocessing = 0;
		};
/* End PBXFrameworksBuildPhase section */

/* Begin PBXGroup section */
		E2F1B63E1C898B1A00264815 = {
			isa = PBXGroup;
			children = (
				E2F1B6491C898B1A00264815 /* TicTacToeDemo */,
				E2F1B6481C898B1A00264815 /* Products */,
			);
			sourceTree = "<group>";
		};
		E2F1B6481C898B1A00264815 /* Products */ = {
			isa = PBXGroup;
			children = (
				E2F1B6471C898B1A00264815 /* TicTacToeDemo.app */,
			);
			name = Products;
			sourceTree = "<group>";
		};
		E2F1B6491C898B1A00264815 /* TicTacToeDemo */ = {
			isa = PBXGroup;
			children = (
				E2F1B64A1C898B1A00264815 /* AppDelegate.swift */,
				E2F1B64C1C898B1A00264815 /* ViewController.swift */,
				E2F1B64E1C898B1A00264815 /* Main.storyboard */,
				E2F1B6511C898B1A00264815 /* Assets.xcassets */,
				E2F1B6531C898B1A00264815 /* LaunchScreen.storyboard */,
				E2F1B6561C898B1A00264815 /* Info.plist */,
			);
			path = TicTacToeDemo;
			sourceTree = "<group>";
		};
/* End PBXGroup section */

/* Begin PBXNativeTarget section */
		E2F1B6461C898B1A00264815 /* TicTacToeDemo */ = {
			isa = PBXNativeTarget;
			buildConfigurationList = E2F1B6591C898B1A00264815 /* Build configuration list for PBXNativeTarget "TicTacToeDemo" */;
			buildPhases = (
				E2F1B6431C898B1A00264815 /* Sources */,
				E2F1B6441C898B1A00264815 /* Frameworks */,
				E2F1B6451C898B1A00264815 /* Resources */,
			);
			buildRules = (
			);
			dependencies = (
			);
			name = TicTacToeDemo;
			productName = TicTacToeDemo;
			productReference = E2F1B6471C898B1A00264815 /* TicTacToeDemo.app */;
			productType = "com.apple.product-type.application";
		};
/* End PBXNativeTarget section */

/* Begin PBXProject section */
		E2F1B63F1C898B1A00264815 /* Project object */ = {
			isa = PBXProject;
			attributes = {
				LastSwiftUpdateCheck = 0720;
				LastUpgradeCheck = 0720;
				ORGANIZATIONNAME = "Elijah Buters";
				TargetAttributes = {
					E2F1B6461C898B1A00264815 = {
						CreatedOnToolsVersion = 7.2;
					};
				};
			};
			buildConfigurationList = E2F1B6421C898B1A00264815 /* Build configuration list for PBXProject "TicTacToeDemo" */;
			compatibilityVersion = "Xcode 3.2";
			developmentRegion = English;
			hasScannedForEncodings = 0;
			knownRegions = (
				en,
				Base,
			);
			mainGroup = E2F1B63E1C898B1A00264815;
			productRefGroup = E2F1B6481C898B1A00264815 /* Products */;
			projectDirPath = "";
			projectRoot = "";
			targets = (
				E2F1B6461C898B1A00264815 /* TicTacToeDemo */,
			);
		};
/* End PBXProject section */

/* Begin PBXResourcesBuildPhase section */
		E2F1B6451C898B1A00264815 /* Resources */ = {
			isa = PBXResourcesBuildPhase;
			buildActionMask = 2147483647;
			files = (
				E2F1B6551C898B1A00264815 /* LaunchScreen.storyboard in Resources */,
				E2F1B6521C898B1A00264815 /* Assets.xcassets in Resources */,
				E2F1B6501C898B1A00264815 /* Main.storyboard in Resources */,
			);
			runOnlyForDeploymentPostprocessing = 0;
		};
/* End PBXResourcesBuildPhase section */

/* Begin PBXSourcesBuildPhase section */
		E2F1B6431C898B1A00264815 /* Sources */ = {
			isa = PBXSourcesBuildPhase;
			buildActionMask = 2147483647;
			files = (
				E2F1B64D1C898B1A00264815 /* ViewController.swift in Sources */,
				E2F1B64B1C898B1A00264815 /* AppDelegate.swift in Sources */,
			);
			runOnlyForDeploymentPostprocessing = 0;
		};
/* End PBXSourcesBuildPhase section */

/* Begin PBXVariantGroup section */
		E2F1B64E1C898B1A00264815 /* Main.storyboard */ = {
			isa = PBXVariantGroup;
			children = (
				E2F1B64F1C898B1A00264815 /* Base */,
			);
			name = Main.storyboard;
			sourceTree = "<group>";
		};
		E2F1B6531C898B1A00264815 /* LaunchScreen.storyboard */ = {
			isa = PBXVariantGroup;
			children = (
				E2F1B6541C898B1A00264815 /* Base */,
			);
			name = LaunchScreen.storyboard;
			sourceTree = "<group>";
		};
/* End PBXVariantGroup section */

/* Begin XCBuildConfiguration section */
		E2F1B6571C898B1A00264815 /* Debug */ = {
			isa = XCBuildConfiguration;
			buildSettings = {
				ALWAYS_SEARCH_USER_PATHS = NO;
				CLANG_CXX_LANGUAGE_STANDARD = "gnu++0x";
				CLANG_CXX_LIBRARY = "libc++";
				CLANG_ENABLE_MODULES = YES;
				CLANG_ENABLE_OBJC_ARC = YES;
				CLANG_WARN_BOOL_CONVERSION = YES;
				CLANG_WARN_CONSTANT_CONVERSION = YES;
				CLANG_WARN_DIRECT_OBJC_ISA_USAGE = YES_ERROR;
				CLANG_WARN_EMPTY_BODY = YES;
				CLANG_WARN_ENUM_CONVERSION = YES;
				CLANG_WARN_INT_CONVERSION = YES;
				CLANG_WARN_OBJC_ROOT_CLASS = YES_ERROR;
				CLANG_WARN_UNREACHABLE_CODE = YES;
				CLANG_WARN__DUPLICATE_METHOD_MATCH = YES;
				"CODE_SIGN_IDENTITY[sdk=iphoneos*]" = "iPhone Developer";
				COPY_PHASE_STRIP = NO;
				DEBUG_INFORMATION_FORMAT = dwarf;
				ENABLE_STRICT_OBJC_MSGSEND = YES;
				ENABLE_TESTABILITY = YES;
				GCC_C_LANGUAGE_STANDARD = gnu99;
				GCC_DYNAMIC_NO_PIC = NO;
				GCC_NO_COMMON_BLOCKS = YES;
				GCC_OPTIMIZATION_LEVEL = 0;
				GCC_PREPROCESSOR_DEFINITIONS = (
					"DEBUG=1",
					"$(inherited)",
				);
				GCC_WARN_64_TO_32_BIT_CONVERSION = YES;
				GCC_WARN_ABOUT_RETURN_TYPE = YES_ERROR;
				GCC_WARN_UNDECLARED_SELECTOR = YES;
				GCC_WARN_UNINITIALIZED_AUTOS = YES_AGGRESSIVE;
				GCC_WARN_UNUSED_FUNCTION = YES;
				GCC_WARN_UNUSED_VARIABLE = YES;
				IPHONEOS_DEPLOYMENT_TARGET = 9.2;
				MTL_ENABLE_DEBUG_INFO = YES;
				ONLY_ACTIVE_ARCH = YES;
				SDKROOT = iphoneos;
				SWIFT_OPTIMIZATION_LEVEL = "-Onone";
				TARGETED_DEVICE_FAMILY = "1,2";
			};
			name = Debug;
		};
		E2F1B6581C898B1A00264815 /* Release */ = {
			isa = XCBuildConfiguration;
			buildSettings = {
				ALWAYS_SEARCH_USER_PATHS = NO;
				CLANG_CXX_LANGUAGE_STANDARD = "gnu++0x";
				CLANG_CXX_LIBRARY = "libc++";
				CLANG_ENABLE_MODULES = YES;
				CLANG_ENABLE_OBJC_ARC = YES;
				CLANG_WARN_BOOL_CONVERSION = YES;
				CLANG_WARN_CONSTANT_CONVERSION = YES;
				CLANG_WARN_DIRECT_OBJC_ISA_USAGE = YES_ERROR;
				CLANG_WARN_EMPTY_BODY = YES;
				CLANG_WARN_ENUM_CONVERSION = YES;
				CLANG_WARN_INT_CONVERSION = YES;
				CLANG_WARN_OBJC_ROOT_CLASS = YES_ERROR;
				CLANG_WARN_UNREACHABLE_CODE = YES;
				CLANG_WARN__DUPLICATE_METHOD_MATCH = YES;
				"CODE_SIGN_IDENTITY[sdk=iphoneos*]" = "iPhone Developer";
				COPY_PHASE_STRIP = NO;
				DEBUG_INFORMATION_FORMAT = "dwarf-with-dsym";
				ENABLE_NS_ASSERTIONS = NO;
				ENABLE_STRICT_OBJC_MSGSEND = YES;
				GCC_C_LANGUAGE_STANDARD = gnu99;
				GCC_NO_COMMON_BLOCKS = YES;
				GCC_WARN_64_TO_32_BIT_CONVERSION = YES;
				GCC_WARN_ABOUT_RETURN_TYPE = YES_ERROR;
				GCC_WARN_UNDECLARED_SELECTOR = YES;
				GCC_WARN_UNINITIALIZED_AUTOS = YES_AGGRESSIVE;
				GCC_WARN_UNUSED_FUNCTION = YES;
				GCC_WARN_UNUSED_VARIABLE = YES;
				IPHONEOS_DEPLOYMENT_TARGET = 9.2;
				MTL_ENABLE_DEBUG_INFO = NO;
				SDKROOT = iphoneos;
				TARGETED_DEVICE_FAMILY = "1,2";
				VALIDATE_PRODUCT = YES;
			};
			name = Release;
		};
		E2F1B65A1C898B1A00264815 /* Debug */ = {
			isa = XCBuildConfiguration;
			buildSettings = {
				ASSETCATALOG_COMPILER_APPICON_NAME = AppIcon;
				INFOPLIST_FILE = TicTacToeDemo/Info.plist;
				LD_RUNPATH_SEARCH_PATHS = "$(inherited) @executable_path/Frameworks";
				PRODUCT_BUNDLE_IDENTIFIER = Macintosh.TicTacToeDemo;
				PRODUCT_NAME = "$(TARGET_NAME)";
			};
			name = Debug;
		};
		E2F1B65B1C898B1A00264815 /* Release */ = {
			isa = XCBuildConfiguration;
			buildSettings = {
				ASSETCATALOG_COMPILER_APPICON_NAME = AppIcon;
				INFOPLIST_FILE = TicTacToeDemo/Info.plist;
				LD_RUNPATH_SEARCH_PATHS = "$(inherited) @executable_path/Frameworks";
				PRODUCT_BUNDLE_IDENTIFIER = Macintosh.TicTacToeDemo;
				PRODUCT_NAME = "$(TARGET_NAME)";
			};
			name = Release;
		};
/* End XCBuildConfiguration section */

/* Begin XCConfigurationList section */
		E2F1B6421C898B1A00264815 /* Build configuration list for PBXProject "TicTacToeDemo" */ = {
			isa = XCConfigurationList;
			buildConfigurations = (
				E2F1B6571C898B1A00264815 /* Debug */,
				E2F1B6581C898B1A00264815 /* Release */,
			);
			defaultConfigurationIsVisible = 0;
			defaultConfigurationName = Release;
		};
		E2F1B6591C898B1A00264815 /* Build configuration list for PBXNativeTarget "TicTacToeDemo" */ = {
			isa = XCConfigurationList;
			buildConfigurations = (
				E2F1B65A1C898B1A00264815 /* Debug */,
				E2F1B65B1C898B1A00264815 /* Release */,
			);
			defaultConfigurationIsVisible = 0;
		};
/* End XCConfigurationList section */
	};
	rootObject = E2F1B63F1C898B1A00264815 /* Project object */;
}
